// !$*UTF8*$!
{
	archiveVersion = 1;
	classes = {
	};
	objectVersion = 48;
	objects = {

/* Begin PBXBuildFile section */
		630B010E1FFCBD020092C740 /* MyContentViewController.swift in Sources */ = {isa = PBXBuildFile; fileRef = 630B010D1FFCBD020092C740 /* MyContentViewController.swift */; };
		63EE45EF1FFCA84D00CBBC0F /* AppDelegate.swift in Sources */ = {isa = PBXBuildFile; fileRef = 63EE45EE1FFCA84D00CBBC0F /* AppDelegate.swift */; };
		63EE45F11FFCA84D00CBBC0F /* MasterViewController.swift in Sources */ = {isa = PBXBuildFile; fileRef = 63EE45F01FFCA84D00CBBC0F /* MasterViewController.swift */; };
		63EE45F31FFCA84D00CBBC0F /* DetailViewController.swift in Sources */ = {isa = PBXBuildFile; fileRef = 63EE45F21FFCA84D00CBBC0F /* DetailViewController.swift */; };
		63EE45F61FFCA84D00CBBC0F /* Main.storyboard in Resources */ = {isa = PBXBuildFile; fileRef = 63EE45F41FFCA84D00CBBC0F /* Main.storyboard */; };
		63EE45F81FFCA84D00CBBC0F /* Assets.xcassets in Resources */ = {isa = PBXBuildFile; fileRef = 63EE45F71FFCA84D00CBBC0F /* Assets.xcassets */; };
		63EE45FB1FFCA84D00CBBC0F /* LaunchScreen.storyboard in Resources */ = {isa = PBXBuildFile; fileRef = 63EE45F91FFCA84D00CBBC0F /* LaunchScreen.storyboard */; };
		63EE46061FFCA84D00CBBC0F /* BLE_Test01Tests.swift in Sources */ = {isa = PBXBuildFile; fileRef = 63EE46051FFCA84D00CBBC0F /* BLE_Test01Tests.swift */; };
		63EE46111FFCA84D00CBBC0F /* BLE_Test01UITests.swift in Sources */ = {isa = PBXBuildFile; fileRef = 63EE46101FFCA84D00CBBC0F /* BLE_Test01UITests.swift */; };
/* End PBXBuildFile section */

/* Begin PBXContainerItemProxy section */
		63EE46021FFCA84D00CBBC0F /* PBXContainerItemProxy */ = {
			isa = PBXContainerItemProxy;
			containerPortal = 63EE45E31FFCA84D00CBBC0F /* Project object */;
			proxyType = 1;
			remoteGlobalIDString = 63EE45EA1FFCA84D00CBBC0F;
			remoteInfo = "BLE Test01";
		};
		63EE460D1FFCA84D00CBBC0F /* PBXContainerItemProxy */ = {
			isa = PBXContainerItemProxy;
			containerPortal = 63EE45E31FFCA84D00CBBC0F /* Project object */;
			proxyType = 1;
			remoteGlobalIDString = 63EE45EA1FFCA84D00CBBC0F;
			remoteInfo = "BLE Test01";
		};
/* End PBXContainerItemProxy section */

/* Begin PBXFileReference section */
		630B010D1FFCBD020092C740 /* MyContentViewController.swift */ = {isa = PBXFileReference; lastKnownFileType = sourcecode.swift; path = MyContentViewController.swift; sourceTree = "<group>"; };
		63EE45EB1FFCA84D00CBBC0F /* BLE Test01.app */ = {isa = PBXFileReference; explicitFileType = wrapper.application; includeInIndex = 0; path = "BLE Test01.app"; sourceTree = BUILT_PRODUCTS_DIR; };
		63EE45EE1FFCA84D00CBBC0F /* AppDelegate.swift */ = {isa = PBXFileReference; lastKnownFileType = sourcecode.swift; path = AppDelegate.swift; sourceTree = "<group>"; };
		63EE45F01FFCA84D00CBBC0F /* MasterViewController.swift */ = {isa = PBXFileReference; lastKnownFileType = sourcecode.swift; path = MasterViewController.swift; sourceTree = "<group>"; };
		63EE45F21FFCA84D00CBBC0F /* DetailViewController.swift */ = {isa = PBXFileReference; lastKnownFileType = sourcecode.swift; path = DetailViewController.swift; sourceTree = "<group>"; };
		63EE45F51FFCA84D00CBBC0F /* Base */ = {isa = PBXFileReference; lastKnownFileType = file.storyboard; name = Base; path = Base.lproj/Main.storyboard; sourceTree = "<group>"; };
		63EE45F71FFCA84D00CBBC0F /* Assets.xcassets */ = {isa = PBXFileReference; lastKnownFileType = folder.assetcatalog; path = Assets.xcassets; sourceTree = "<group>"; };
		63EE45FA1FFCA84D00CBBC0F /* Base */ = {isa = PBXFileReference; lastKnownFileType = file.storyboard; name = Base; path = Base.lproj/LaunchScreen.storyboard; sourceTree = "<group>"; };
		63EE45FC1FFCA84D00CBBC0F /* Info.plist */ = {isa = PBXFileReference; lastKnownFileType = text.plist.xml; path = Info.plist; sourceTree = "<group>"; };
		63EE46011FFCA84D00CBBC0F /* BLE Test01Tests.xctest */ = {isa = PBXFileReference; explicitFileType = wrapper.cfbundle; includeInIndex = 0; path = "BLE Test01Tests.xctest"; sourceTree = BUILT_PRODUCTS_DIR; };
		63EE46051FFCA84D00CBBC0F /* BLE_Test01Tests.swift */ = {isa = PBXFileReference; lastKnownFileType = sourcecode.swift; path = BLE_Test01Tests.swift; sourceTree = "<group>"; };
		63EE46071FFCA84D00CBBC0F /* Info.plist */ = {isa = PBXFileReference; lastKnownFileType = text.plist.xml; path = Info.plist; sourceTree = "<group>"; };
		63EE460C1FFCA84D00CBBC0F /* BLE Test01UITests.xctest */ = {isa = PBXFileReference; explicitFileType = wrapper.cfbundle; includeInIndex = 0; path = "BLE Test01UITests.xctest"; sourceTree = BUILT_PRODUCTS_DIR; };
		63EE46101FFCA84D00CBBC0F /* BLE_Test01UITests.swift */ = {isa = PBXFileReference; lastKnownFileType = sourcecode.swift; path = BLE_Test01UITests.swift; sourceTree = "<group>"; };
		63EE46121FFCA84D00CBBC0F /* Info.plist */ = {isa = PBXFileReference; lastKnownFileType = text.plist.xml; path = Info.plist; sourceTree = "<group>"; };
/* End PBXFileReference section */

/* Begin PBXFrameworksBuildPhase section */
		63EE45E81FFCA84D00CBBC0F /* Frameworks */ = {
			isa = PBXFrameworksBuildPhase;
			buildActionMask = 2147483647;
			files = (
			);
			runOnlyForDeploymentPostprocessing = 0;
		};
		63EE45FE1FFCA84D00CBBC0F /* Frameworks */ = {
			isa = PBXFrameworksBuildPhase;
			buildActionMask = 2147483647;
			files = (
			);
			runOnlyForDeploymentPostprocessing = 0;
		};
		63EE46091FFCA84D00CBBC0F /* Frameworks */ = {
			isa = PBXFrameworksBuildPhase;
			buildActionMask = 2147483647;
			files = (
			);
			runOnlyForDeploymentPostprocessing = 0;
		};
/* End PBXFrameworksBuildPhase section */

/* Begin PBXGroup section */
		63EE45E21FFCA84D00CBBC0F = {
			isa = PBXGroup;
			children = (
				63EE45ED1FFCA84D00CBBC0F /* BLE Test01 */,
				63EE46041FFCA84D00CBBC0F /* BLE Test01Tests */,
				63EE460F1FFCA84D00CBBC0F /* BLE Test01UITests */,
				63EE45EC1FFCA84D00CBBC0F /* Products */,
			);
			sourceTree = "<group>";
		};
		63EE45EC1FFCA84D00CBBC0F /* Products */ = {
			isa = PBXGroup;
			children = (
				63EE45EB1FFCA84D00CBBC0F /* BLE Test01.app */,
				63EE46011FFCA84D00CBBC0F /* BLE Test01Tests.xctest */,
				63EE460C1FFCA84D00CBBC0F /* BLE Test01UITests.xctest */,
			);
			name = Products;
			sourceTree = "<group>";
		};
		63EE45ED1FFCA84D00CBBC0F /* BLE Test01 */ = {
			isa = PBXGroup;
			children = (
				63EE45EE1FFCA84D00CBBC0F /* AppDelegate.swift */,
				63EE45F01FFCA84D00CBBC0F /* MasterViewController.swift */,
				63EE45F21FFCA84D00CBBC0F /* DetailViewController.swift */,
				630B010D1FFCBD020092C740 /* MyContentViewController.swift */,
				63EE45F41FFCA84D00CBBC0F /* Main.storyboard */,
				63EE45F71FFCA84D00CBBC0F /* Assets.xcassets */,
				63EE45F91FFCA84D00CBBC0F /* LaunchScreen.storyboard */,
				63EE45FC1FFCA84D00CBBC0F /* Info.plist */,
			);
			path = "BLE Test01";
			sourceTree = "<group>";
		};
		63EE46041FFCA84D00CBBC0F /* BLE Test01Tests */ = {
			isa = PBXGroup;
			children = (
				63EE46051FFCA84D00CBBC0F /* BLE_Test01Tests.swift */,
				63EE46071FFCA84D00CBBC0F /* Info.plist */,
			);
			path = "BLE Test01Tests";
			sourceTree = "<group>";
		};
		63EE460F1FFCA84D00CBBC0F /* BLE Test01UITests */ = {
			isa = PBXGroup;
			children = (
				63EE46101FFCA84D00CBBC0F /* BLE_Test01UITests.swift */,
				63EE46121FFCA84D00CBBC0F /* Info.plist */,
			);
			path = "BLE Test01UITests";
			sourceTree = "<group>";
		};
/* End PBXGroup section */

/* Begin PBXNativeTarget section */
		63EE45EA1FFCA84D00CBBC0F /* BLE Test01 */ = {
			isa = PBXNativeTarget;
			buildConfigurationList = 63EE46151FFCA84D00CBBC0F /* Build configuration list for PBXNativeTarget "BLE Test01" */;
			buildPhases = (
				63EE45E71FFCA84D00CBBC0F /* Sources */,
				63EE45E81FFCA84D00CBBC0F /* Frameworks */,
				63EE45E91FFCA84D00CBBC0F /* Resources */,
			);
			buildRules = (
			);
			dependencies = (
			);
			name = "BLE Test01";
			productName = "BLE Test01";
			productReference = 63EE45EB1FFCA84D00CBBC0F /* BLE Test01.app */;
			productType = "com.apple.product-type.application";
		};
		63EE46001FFCA84D00CBBC0F /* BLE Test01Tests */ = {
			isa = PBXNativeTarget;
			buildConfigurationList = 63EE46181FFCA84D00CBBC0F /* Build configuration list for PBXNativeTarget "BLE Test01Tests" */;
			buildPhases = (
				63EE45FD1FFCA84D00CBBC0F /* Sources */,
				63EE45FE1FFCA84D00CBBC0F /* Frameworks */,
				63EE45FF1FFCA84D00CBBC0F /* Resources */,
			);
			buildRules = (
			);
			dependencies = (
				63EE46031FFCA84D00CBBC0F /* PBXTargetDependency */,
			);
			name = "BLE Test01Tests";
			productName = "BLE Test01Tests";
			productReference = 63EE46011FFCA84D00CBBC0F /* BLE Test01Tests.xctest */;
			productType = "com.apple.product-type.bundle.unit-test";
		};
		63EE460B1FFCA84D00CBBC0F /* BLE Test01UITests */ = {
			isa = PBXNativeTarget;
			buildConfigurationList = 63EE461B1FFCA84D00CBBC0F /* Build configuration list for PBXNativeTarget "BLE Test01UITests" */;
			buildPhases = (
				63EE46081FFCA84D00CBBC0F /* Sources */,
				63EE46091FFCA84D00CBBC0F /* Frameworks */,
				63EE460A1FFCA84D00CBBC0F /* Resources */,
			);
			buildRules = (
			);
			dependencies = (
				63EE460E1FFCA84D00CBBC0F /* PBXTargetDependency */,
			);
			name = "BLE Test01UITests";
			productName = "BLE Test01UITests";
			productReference = 63EE460C1FFCA84D00CBBC0F /* BLE Test01UITests.xctest */;
			productType = "com.apple.product-type.bundle.ui-testing";
		};
/* End PBXNativeTarget section */

/* Begin PBXProject section */
		63EE45E31FFCA84D00CBBC0F /* Project object */ = {
			isa = PBXProject;
			attributes = {
				LastSwiftUpdateCheck = 0920;
				LastUpgradeCheck = 0920;
				ORGANIZATIONNAME = "雅耀";
				TargetAttributes = {
					63EE45EA1FFCA84D00CBBC0F = {
						CreatedOnToolsVersion = 9.2;
						ProvisioningStyle = Automatic;
					};
					63EE46001FFCA84D00CBBC0F = {
						CreatedOnToolsVersion = 9.2;
						ProvisioningStyle = Automatic;
						TestTargetID = 63EE45EA1FFCA84D00CBBC0F;
					};
					63EE460B1FFCA84D00CBBC0F = {
						CreatedOnToolsVersion = 9.2;
						ProvisioningStyle = Automatic;
						TestTargetID = 63EE45EA1FFCA84D00CBBC0F;
					};
				};
			};
			buildConfigurationList = 63EE45E61FFCA84D00CBBC0F /* Build configuration list for PBXProject "BLE Test01" */;
			compatibilityVersion = "Xcode 8.0";
			developmentRegion = en;
			hasScannedForEncodings = 0;
			knownRegions = (
				en,
				Base,
			);
			mainGroup = 63EE45E21FFCA84D00CBBC0F;
			productRefGroup = 63EE45EC1FFCA84D00CBBC0F /* Products */;
			projectDirPath = "";
			projectRoot = "";
			targets = (
				63EE45EA1FFCA84D00CBBC0F /* BLE Test01 */,
				63EE46001FFCA84D00CBBC0F /* BLE Test01Tests */,
				63EE460B1FFCA84D00CBBC0F /* BLE Test01UITests */,
			);
		};
/* End PBXProject section */

/* Begin PBXResourcesBuildPhase section */
		63EE45E91FFCA84D00CBBC0F /* Resources */ = {
			isa = PBXResourcesBuildPhase;
			buildActionMask = 2147483647;
			files = (
				63EE45FB1FFCA84D00CBBC0F /* LaunchScreen.storyboard in Resources */,
				63EE45F81FFCA84D00CBBC0F /* Assets.xcassets in Resources */,
				63EE45F61FFCA84D00CBBC0F /* Main.storyboard in Resources */,
			);
			runOnlyForDeploymentPostprocessing = 0;
		};
		63EE45FF1FFCA84D00CBBC0F /* Resources */ = {
			isa = PBXResourcesBuildPhase;
			buildActionMask = 2147483647;
			files = (
			);
			runOnlyForDeploymentPostprocessing = 0;
		};
		63EE460A1FFCA84D00CBBC0F /* Resources */ = {
			isa = PBXResourcesBuildPhase;
			buildActionMask = 2147483647;
			files = (
			);
			runOnlyForDeploymentPostprocessing = 0;
		};
/* End PBXResourcesBuildPhase section */

/* Begin PBXSourcesBuildPhase section */
		63EE45E71FFCA84D00CBBC0F /* Sources */ = {
			isa = PBXSourcesBuildPhase;
			buildActionMask = 2147483647;
			files = (
				630B010E1FFCBD020092C740 /* MyContentViewController.swift in Sources */,
				63EE45F31FFCA84D00CBBC0F /* DetailViewController.swift in Sources */,
				63EE45F11FFCA84D00CBBC0F /* MasterViewController.swift in Sources */,
				63EE45EF1FFCA84D00CBBC0F /* AppDelegate.swift in Sources */,
			);
			runOnlyForDeploymentPostprocessing = 0;
		};
		63EE45FD1FFCA84D00CBBC0F /* Sources */ = {
			isa = PBXSourcesBuildPhase;
			buildActionMask = 2147483647;
			files = (
				63EE46061FFCA84D00CBBC0F /* BLE_Test01Tests.swift in Sources */,
			);
			runOnlyForDeploymentPostprocessing = 0;
		};
		63EE46081FFCA84D00CBBC0F /* Sources */ = {
			isa = PBXSourcesBuildPhase;
			buildActionMask = 2147483647;
			files = (
				63EE46111FFCA84D00CBBC0F /* BLE_Test01UITests.swift in Sources */,
			);
			runOnlyForDeploymentPostprocessing = 0;
		};
/* End PBXSourcesBuildPhase section */

/* Begin PBXTargetDependency section */
		63EE46031FFCA84D00CBBC0F /* PBXTargetDependency */ = {
			isa = PBXTargetDependency;
			target = 63EE45EA1FFCA84D00CBBC0F /* BLE Test01 */;
			targetProxy = 63EE46021FFCA84D00CBBC0F /* PBXContainerItemProxy */;
		};
		63EE460E1FFCA84D00CBBC0F /* PBXTargetDependency */ = {
			isa = PBXTargetDependency;
			target = 63EE45EA1FFCA84D00CBBC0F /* BLE Test01 */;
			targetProxy = 63EE460D1FFCA84D00CBBC0F /* PBXContainerItemProxy */;
		};
/* End PBXTargetDependency section */

/* Begin PBXVariantGroup section */
		63EE45F41FFCA84D00CBBC0F /* Main.storyboard */ = {
			isa = PBXVariantGroup;
			children = (
				63EE45F51FFCA84D00CBBC0F /* Base */,
			);
			name = Main.storyboard;
			sourceTree = "<group>";
		};
		63EE45F91FFCA84D00CBBC0F /* LaunchScreen.storyboard */ = {
			isa = PBXVariantGroup;
			children = (
				63EE45FA1FFCA84D00CBBC0F /* Base */,
			);
			name = LaunchScreen.storyboard;
			sourceTree = "<group>";
		};
/* End PBXVariantGroup section */

/* Begin XCBuildConfiguration section */
		63EE46131FFCA84D00CBBC0F /* Debug */ = {
			isa = XCBuildConfiguration;
			buildSettings = {
				ALWAYS_SEARCH_USER_PATHS = NO;
				CLANG_ANALYZER_NONNULL = YES;
				CLANG_ANALYZER_NUMBER_OBJECT_CONVERSION = YES_AGGRESSIVE;
				CLANG_CXX_LANGUAGE_STANDARD = "gnu++14";
				CLANG_CXX_LIBRARY = "libc++";
				CLANG_ENABLE_MODULES = YES;
				CLANG_ENABLE_OBJC_ARC = YES;
				CLANG_WARN_BLOCK_CAPTURE_AUTORELEASING = YES;
				CLANG_WARN_BOOL_CONVERSION = YES;
				CLANG_WARN_COMMA = YES;
				CLANG_WARN_CONSTANT_CONVERSION = YES;
				CLANG_WARN_DIRECT_OBJC_ISA_USAGE = YES_ERROR;
				CLANG_WARN_DOCUMENTATION_COMMENTS = YES;
				CLANG_WARN_EMPTY_BODY = YES;
				CLANG_WARN_ENUM_CONVERSION = YES;
				CLANG_WARN_INFINITE_RECURSION = YES;
				CLANG_WARN_INT_CONVERSION = YES;
				CLANG_WARN_NON_LITERAL_NULL_CONVERSION = YES;
				CLANG_WARN_OBJC_LITERAL_CONVERSION = YES;
				CLANG_WARN_OBJC_ROOT_CLASS = YES_ERROR;
				CLANG_WARN_RANGE_LOOP_ANALYSIS = YES;
				CLANG_WARN_STRICT_PROTOTYPES = YES;
				CLANG_WARN_SUSPICIOUS_MOVE = YES;
				CLANG_WARN_UNGUARDED_AVAILABILITY = YES_AGGRESSIVE;
				CLANG_WARN_UNREACHABLE_CODE = YES;
				CLANG_WARN__DUPLICATE_METHOD_MATCH = YES;
				CODE_SIGN_IDENTITY = "iPhone Developer";
				COPY_PHASE_STRIP = NO;
				DEBUG_INFORMATION_FORMAT = dwarf;
				ENABLE_STRICT_OBJC_MSGSEND = YES;
				ENABLE_TESTABILITY = YES;
				GCC_C_LANGUAGE_STANDARD = gnu11;
				GCC_DYNAMIC_NO_PIC = NO;
				GCC_NO_COMMON_BLOCKS = YES;
				GCC_OPTIMIZATION_LEVEL = 0;
				GCC_PREPROCESSOR_DEFINITIONS = (
					"DEBUG=1",
					"$(inherited)",
				);
				GCC_WARN_64_TO_32_BIT_CONVERSION = YES;
				GCC_WARN_ABOUT_RETURN_TYPE = YES_ERROR;
				GCC_WARN_UNDECLARED_SELECTOR = YES;
				GCC_WARN_UNINITIALIZED_AUTOS = YES_AGGRESSIVE;
				GCC_WARN_UNUSED_FUNCTION = YES;
				GCC_WARN_UNUSED_VARIABLE = YES;
				IPHONEOS_DEPLOYMENT_TARGET = 11.2;
				MTL_ENABLE_DEBUG_INFO = YES;
				ONLY_ACTIVE_ARCH = YES;
				SDKROOT = iphoneos;
				SWIFT_ACTIVE_COMPILATION_CONDITIONS = DEBUG;
				SWIFT_OPTIMIZATION_LEVEL = "-Onone";
			};
			name = Debug;
		};
		63EE46141FFCA84D00CBBC0F /* Release */ = {
			isa = XCBuildConfiguration;
			buildSettings = {
				ALWAYS_SEARCH_USER_PATHS = NO;
				CLANG_ANALYZER_NONNULL = YES;
				CLANG_ANALYZER_NUMBER_OBJECT_CONVERSION = YES_AGGRESSIVE;
				CLANG_CXX_LANGUAGE_STANDARD = "gnu++14";
				CLANG_CXX_LIBRARY = "libc++";
				CLANG_ENABLE_MODULES = YES;
				CLANG_ENABLE_OBJC_ARC = YES;
				CLANG_WARN_BLOCK_CAPTURE_AUTORELEASING = YES;
				CLANG_WARN_BOOL_CONVERSION = YES;
				CLANG_WARN_COMMA = YES;
				CLANG_WARN_CONSTANT_CONVERSION = YES;
				CLANG_WARN_DIRECT_OBJC_ISA_USAGE = YES_ERROR;
				CLANG_WARN_DOCUMENTATION_COMMENTS = YES;
				CLANG_WARN_EMPTY_BODY = YES;
				CLANG_WARN_ENUM_CONVERSION = YES;
				CLANG_WARN_INFINITE_RECURSION = YES;
				CLANG_WARN_INT_CONVERSION = YES;
				CLANG_WARN_NON_LITERAL_NULL_CONVERSION = YES;
				CLANG_WARN_OBJC_LITERAL_CONVERSION = YES;
				CLANG_WARN_OBJC_ROOT_CLASS = YES_ERROR;
				CLANG_WARN_RANGE_LOOP_ANALYSIS = YES;
				CLANG_WARN_STRICT_PROTOTYPES = YES;
				CLANG_WARN_SUSPICIOUS_MOVE = YES;
				CLANG_WARN_UNGUARDED_AVAILABILITY = YES_AGGRESSIVE;
				CLANG_WARN_UNREACHABLE_CODE = YES;
				CLANG_WARN__DUPLICATE_METHOD_MATCH = YES;
				CODE_SIGN_IDENTITY = "iPhone Developer";
				COPY_PHASE_STRIP = NO;
				DEBUG_INFORMATION_FORMAT = "dwarf-with-dsym";
				ENABLE_NS_ASSERTIONS = NO;
				ENABLE_STRICT_OBJC_MSGSEND = YES;
				GCC_C_LANGUAGE_STANDARD = gnu11;
				GCC_NO_COMMON_BLOCKS = YES;
				GCC_WARN_64_TO_32_BIT_CONVERSION = YES;
				GCC_WARN_ABOUT_RETURN_TYPE = YES_ERROR;
				GCC_WARN_UNDECLARED_SELECTOR = YES;
				GCC_WARN_UNINITIALIZED_AUTOS = YES_AGGRESSIVE;
				GCC_WARN_UNUSED_FUNCTION = YES;
				GCC_WARN_UNUSED_VARIABLE = YES;
				IPHONEOS_DEPLOYMENT_TARGET = 11.2;
				MTL_ENABLE_DEBUG_INFO = NO;
				SDKROOT = iphoneos;
				SWIFT_OPTIMIZATION_LEVEL = "-Owholemodule";
				VALIDATE_PRODUCT = YES;
			};
			name = Release;
		};
		63EE46161FFCA84D00CBBC0F /* Debug */ = {
			isa = XCBuildConfiguration;
			buildSettings = {
				ASSETCATALOG_COMPILER_APPICON_NAME = AppIcon;
				CODE_SIGN_STYLE = Automatic;
				DEVELOPMENT_TEAM = NL9W3M76L2;
				INFOPLIST_FILE = "BLE Test01/Info.plist";
				LD_RUNPATH_SEARCH_PATHS = "$(inherited) @executable_path/Frameworks";
				PRODUCT_BUNDLE_IDENTIFIER = "cn.com.extralight.BLE-Test01";
				PRODUCT_NAME = "$(TARGET_NAME)";
				SWIFT_VERSION = 4.0;
				TARGETED_DEVICE_FAMILY = "1,2";
			};
			name = Debug;
		};
		63EE46171FFCA84D00CBBC0F /* Release */ = {
			isa = XCBuildConfiguration;
			buildSettings = {
				ASSETCATALOG_COMPILER_APPICON_NAME = AppIcon;
				CODE_SIGN_STYLE = Automatic;
				DEVELOPMENT_TEAM = NL9W3M76L2;
				INFOPLIST_FILE = "BLE Test01/Info.plist";
				LD_RUNPATH_SEARCH_PATHS = "$(inherited) @executable_path/Frameworks";
				PRODUCT_BUNDLE_IDENTIFIER = "cn.com.extralight.BLE-Test01";
				PRODUCT_NAME = "$(TARGET_NAME)";
				SWIFT_VERSION = 4.0;
				TARGETED_DEVICE_FAMILY = "1,2";
			};
			name = Release;
		};
		63EE46191FFCA84D00CBBC0F /* Debug */ = {
			isa = XCBuildConfiguration;
			buildSettings = {
				ALWAYS_EMBED_SWIFT_STANDARD_LIBRARIES = YES;
				BUNDLE_LOADER = "$(TEST_HOST)";
				CODE_SIGN_STYLE = Automatic;
				DEVELOPMENT_TEAM = NL9W3M76L2;
				INFOPLIST_FILE = "BLE Test01Tests/Info.plist";
				LD_RUNPATH_SEARCH_PATHS = "$(inherited) @executable_path/Frameworks @loader_path/Frameworks";
				PRODUCT_BUNDLE_IDENTIFIER = "cn.com.extralight.BLE-Test01Tests";
				PRODUCT_NAME = "$(TARGET_NAME)";
				SWIFT_VERSION = 4.0;
				TARGETED_DEVICE_FAMILY = "1,2";
				TEST_HOST = "$(BUILT_PRODUCTS_DIR)/BLE Test01.app/BLE Test01";
			};
			name = Debug;
		};
		63EE461A1FFCA84D00CBBC0F /* Release */ = {
			isa = XCBuildConfiguration;
			buildSettings = {
				ALWAYS_EMBED_SWIFT_STANDARD_LIBRARIES = YES;
				BUNDLE_LOADER = "$(TEST_HOST)";
				CODE_SIGN_STYLE = Automatic;
				DEVELOPMENT_TEAM = NL9W3M76L2;
				INFOPLIST_FILE = "BLE Test01Tests/Info.plist";
				LD_RUNPATH_SEARCH_PATHS = "$(inherited) @executable_path/Frameworks @loader_path/Frameworks";
				PRODUCT_BUNDLE_IDENTIFIER = "cn.com.extralight.BLE-Test01Tests";
				PRODUCT_NAME = "$(TARGET_NAME)";
				SWIFT_VERSION = 4.0;
				TARGETED_DEVICE_FAMILY = "1,2";
				TEST_HOST = "$(BUILT_PRODUCTS_DIR)/BLE Test01.app/BLE Test01";
			};
			name = Release;
		};
		63EE461C1FFCA84D00CBBC0F /* Debug */ = {
			isa = XCBuildConfiguration;
			buildSettings = {
				ALWAYS_EMBED_SWIFT_STANDARD_LIBRARIES = YES;
				CODE_SIGN_STYLE = Automatic;
				DEVELOPMENT_TEAM = NL9W3M76L2;
				INFOPLIST_FILE = "BLE Test01UITests/Info.plist";
				LD_RUNPATH_SEARCH_PATHS = "$(inherited) @executable_path/Frameworks @loader_path/Frameworks";
				PRODUCT_BUNDLE_IDENTIFIER = "cn.com.extralight.BLE-Test01UITests";
				PRODUCT_NAME = "$(TARGET_NAME)";
				SWIFT_VERSION = 4.0;
				TARGETED_DEVICE_FAMILY = "1,2";
				TEST_TARGET_NAME = "BLE Test01";
			};
			name = Debug;
		};
		63EE461D1FFCA84D00CBBC0F /* Release */ = {
			isa = XCBuildConfiguration;
			buildSettings = {
				ALWAYS_EMBED_SWIFT_STANDARD_LIBRARIES = YES;
				CODE_SIGN_STYLE = Automatic;
				DEVELOPMENT_TEAM = NL9W3M76L2;
				INFOPLIST_FILE = "BLE Test01UITests/Info.plist";
				LD_RUNPATH_SEARCH_PATHS = "$(inherited) @executable_path/Frameworks @loader_path/Frameworks";
				PRODUCT_BUNDLE_IDENTIFIER = "cn.com.extralight.BLE-Test01UITests";
				PRODUCT_NAME = "$(TARGET_NAME)";
				SWIFT_VERSION = 4.0;
				TARGETED_DEVICE_FAMILY = "1,2";
				TEST_TARGET_NAME = "BLE Test01";
			};
			name = Release;
		};
/* End XCBuildConfiguration section */

/* Begin XCConfigurationList section */
		63EE45E61FFCA84D00CBBC0F /* Build configuration list for PBXProject "BLE Test01" */ = {
			isa = XCConfigurationList;
			buildConfigurations = (
				63EE46131FFCA84D00CBBC0F /* Debug */,
				63EE46141FFCA84D00CBBC0F /* Release */,
			);
			defaultConfigurationIsVisible = 0;
			defaultConfigurationName = Release;
		};
		63EE46151FFCA84D00CBBC0F /* Build configuration list for PBXNativeTarget "BLE Test01" */ = {
			isa = XCConfigurationList;
			buildConfigurations = (
				63EE46161FFCA84D00CBBC0F /* Debug */,
				63EE46171FFCA84D00CBBC0F /* Release */,
			);
			defaultConfigurationIsVisible = 0;
			defaultConfigurationName = Release;
		};
		63EE46181FFCA84D00CBBC0F /* Build configuration list for PBXNativeTarget "BLE Test01Tests" */ = {
			isa = XCConfigurationList;
			buildConfigurations = (
				63EE46191FFCA84D00CBBC0F /* Debug */,
				63EE461A1FFCA84D00CBBC0F /* Release */,
			);
			defaultConfigurationIsVisible = 0;
			defaultConfigurationName = Release;
		};
		63EE461B1FFCA84D00CBBC0F /* Build configuration list for PBXNativeTarget "BLE Test01UITests" */ = {
			isa = XCConfigurationList;
			buildConfigurations = (
				63EE461C1FFCA84D00CBBC0F /* Debug */,
				63EE461D1FFCA84D00CBBC0F /* Release */,
			);
			defaultConfigurationIsVisible = 0;
			defaultConfigurationName = Release;
		};
/* End XCConfigurationList section */
	};
	rootObject = 63EE45E31FFCA84D00CBBC0F /* Project object */;
}
